Microsoft Visual Studio Solution File, Format Version 11.00
# Visual Studio 2008

Project("{5E165235-29A4-A194-A905-9714D38C1663}") = "Jam Prototype", "Assembly-CSharp.csproj", "{38FD8C99-9BA9-274A-1991-43EB8BD7CCE2}"
EndProject
Global
	GlobalSection(SolutionConfigurationPlatforms) = preSolution
		Debug|Any CPU = Debug|Any CPU
		Release|Any CPU = Release|Any CPU
	EndGlobalSection
	GlobalSection(ProjectConfigurationPlatforms) = postSolution
		{38FD8C99-9BA9-274A-1991-43EB8BD7CCE2}.Debug|Any CPU.ActiveCfg = Debug|Any CPU
		{38FD8C99-9BA9-274A-1991-43EB8BD7CCE2}.Debug|Any CPU.Build.0 = Debug|Any CPU
		{38FD8C99-9BA9-274A-1991-43EB8BD7CCE2}.Release|Any CPU.ActiveCfg = Release|Any CPU
		{38FD8C99-9BA9-274A-1991-43EB8BD7CCE2}.Release|Any CPU.Build.0 = Release|Any CPU
	EndGlobalSection
	GlobalSection(SolutionProperties) = preSolution
		HideSolutionNode = FALSE
	EndGlobalSection
	GlobalSection(MonoDevelopProperties) = preSolution
		StartupItem = Assembly-CSharp.csproj
	EndGlobalSection
EndGlobal
